
Microsoft Visual Studio Solution File, Format Version 12.00
# Visual Studio Version 17
VisualStudioVersion = 17.7.34221.43
MinimumVisualStudioVersion = 10.0.40219.1
Project("{FAE04EC0-301F-11D3-BF4B-00C04F79EFBC}") = "Auth_authorize", "Auth_authorize\Auth_authorize.csproj", "{EBB2BAF8-B8D1-44E4-9D3A-C4C01EB499FE}"
EndProject
Global
	GlobalSection(SolutionConfigurationPlatforms) = preSolution
		Debug|Any CPU = Debug|Any CPU
		Release|Any CPU = Release|Any CPU
	EndGlobalSection
	GlobalSection(ProjectConfigurationPlatforms) = postSolution
		{EBB2BAF8-B8D1-44E4-9D3A-C4C01EB499FE}.Debug|Any CPU.ActiveCfg = Debug|Any CPU
		{EBB2BAF8-B8D1-44E4-9D3A-C4C01EB499FE}.Debug|Any CPU.Build.0 = Debug|Any CPU
		{EBB2BAF8-B8D1-44E4-9D3A-C4C01EB499FE}.Release|Any CPU.ActiveCfg = Release|Any CPU
		{EBB2BAF8-B8D1-44E4-9D3A-C4C01EB499FE}.Release|Any CPU.Build.0 = Release|Any CPU
	EndGlobalSection
	GlobalSection(SolutionProperties) = preSolution
		HideSolutionNode = FALSE
	EndGlobalSection
	GlobalSection(ExtensibilityGlobals) = postSolution
		SolutionGuid = {DA1061EC-A671-4F84-A3EF-55E4EF092B77}
	EndGlobalSection
EndGlobal
